// !$*UTF8*$!
{
	archiveVersion = 1;
	classes = {
	};
	objectVersion = 46;
	objects = {

/* Begin PBXBuildFile section */
		56F253061AE4FCE10011BA99 /* main.m in Sources */ = {isa = PBXBuildFile; fileRef = 56F253051AE4FCE10011BA99 /* main.m */; };
		56F253091AE4FCE10011BA99 /* AppDelegate.m in Sources */ = {isa = PBXBuildFile; fileRef = 56F253081AE4FCE10011BA99 /* AppDelegate.m */; };
		56F2530C1AE4FCE10011BA99 /* ViewController.m in Sources */ = {isa = PBXBuildFile; fileRef = 56F2530B1AE4FCE10011BA99 /* ViewController.m */; };
		56F2530F1AE4FCE10011BA99 /* Main.storyboard in Resources */ = {isa = PBXBuildFile; fileRef = 56F2530D1AE4FCE10011BA99 /* Main.storyboard */; };
		56F253111AE4FCE10011BA99 /* Images.xcassets in Resources */ = {isa = PBXBuildFile; fileRef = 56F253101AE4FCE10011BA99 /* Images.xcassets */; };
		56F253141AE4FCE10011BA99 /* LaunchScreen.xib in Resources */ = {isa = PBXBuildFile; fileRef = 56F253121AE4FCE10011BA99 /* LaunchScreen.xib */; };
		56F253201AE4FCE10011BA99 /* proscornerTests.m in Sources */ = {isa = PBXBuildFile; fileRef = 56F2531F1AE4FCE10011BA99 /* proscornerTests.m */; };
/* End PBXBuildFile section */

/* Begin PBXContainerItemProxy section */
		56F2531A1AE4FCE10011BA99 /* PBXContainerItemProxy */ = {
			isa = PBXContainerItemProxy;
			containerPortal = 56F252F81AE4FCE10011BA99 /* Project object */;
			proxyType = 1;
			remoteGlobalIDString = 56F252FF1AE4FCE10011BA99;
			remoteInfo = proscorner;
		};
/* End PBXContainerItemProxy section */

/* Begin PBXFileReference section */
		56F253001AE4FCE10011BA99 /* proscorner.app */ = {isa = PBXFileReference; explicitFileType = wrapper.application; includeInIndex = 0; path = proscorner.app; sourceTree = BUILT_PRODUCTS_DIR; };
		56F253041AE4FCE10011BA99 /* Info.plist */ = {isa = PBXFileReference; lastKnownFileType = text.plist.xml; path = Info.plist; sourceTree = "<group>"; };
		56F253051AE4FCE10011BA99 /* main.m */ = {isa = PBXFileReference; lastKnownFileType = sourcecode.c.objc; path = main.m; sourceTree = "<group>"; };
		56F253071AE4FCE10011BA99 /* AppDelegate.h */ = {isa = PBXFileReference; lastKnownFileType = sourcecode.c.h; path = AppDelegate.h; sourceTree = "<group>"; };
		56F253081AE4FCE10011BA99 /* AppDelegate.m */ = {isa = PBXFileReference; lastKnownFileType = sourcecode.c.objc; path = AppDelegate.m; sourceTree = "<group>"; };
		56F2530A1AE4FCE10011BA99 /* ViewController.h */ = {isa = PBXFileReference; lastKnownFileType = sourcecode.c.h; path = ViewController.h; sourceTree = "<group>"; };
		56F2530B1AE4FCE10011BA99 /* ViewController.m */ = {isa = PBXFileReference; lastKnownFileType = sourcecode.c.objc; path = ViewController.m; sourceTree = "<group>"; };
		56F2530E1AE4FCE10011BA99 /* Base */ = {isa = PBXFileReference; lastKnownFileType = file.storyboard; name = Base; path = Base.lproj/Main.storyboard; sourceTree = "<group>"; };
		56F253101AE4FCE10011BA99 /* Images.xcassets */ = {isa = PBXFileReference; lastKnownFileType = folder.assetcatalog; path = Images.xcassets; sourceTree = "<group>"; };
		56F253131AE4FCE10011BA99 /* Base */ = {isa = PBXFileReference; lastKnownFileType = file.xib; name = Base; path = Base.lproj/LaunchScreen.xib; sourceTree = "<group>"; };
		56F253191AE4FCE10011BA99 /* proscornerTests.xctest */ = {isa = PBXFileReference; explicitFileType = wrapper.cfbundle; includeInIndex = 0; path = proscornerTests.xctest; sourceTree = BUILT_PRODUCTS_DIR; };
		56F2531E1AE4FCE10011BA99 /* Info.plist */ = {isa = PBXFileReference; lastKnownFileType = text.plist.xml; path = Info.plist; sourceTree = "<group>"; };
		56F2531F1AE4FCE10011BA99 /* proscornerTests.m */ = {isa = PBXFileReference; lastKnownFileType = sourcecode.c.objc; path = proscornerTests.m; sourceTree = "<group>"; };
/* End PBXFileReference section */

/* Begin PBXFrameworksBuildPhase section */
		56F252FD1AE4FCE10011BA99 /* Frameworks */ = {
			isa = PBXFrameworksBuildPhase;
			buildActionMask = 2147483647;
			files = (
			);
			runOnlyForDeploymentPostprocessing = 0;
		};
		56F253161AE4FCE10011BA99 /* Frameworks */ = {
			isa = PBXFrameworksBuildPhase;
			buildActionMask = 2147483647;
			files = (
			);
			runOnlyForDeploymentPostprocessing = 0;
		};
/* End PBXFrameworksBuildPhase section */

/* Begin PBXGroup section */
		56F252F71AE4FCE10011BA99 = {
			isa = PBXGroup;
			children = (
				56F253021AE4FCE10011BA99 /* proscorner */,
				56F2531C1AE4FCE10011BA99 /* proscornerTests */,
				56F253011AE4FCE10011BA99 /* Products */,
			);
			sourceTree = "<group>";
		};
		56F253011AE4FCE10011BA99 /* Products */ = {
			isa = PBXGroup;
			children = (
				56F253001AE4FCE10011BA99 /* proscorner.app */,
				56F253191AE4FCE10011BA99 /* proscornerTests.xctest */,
			);
			name = Products;
			sourceTree = "<group>";
		};
		56F253021AE4FCE10011BA99 /* proscorner */ = {
			isa = PBXGroup;
			children = (
				56F253071AE4FCE10011BA99 /* AppDelegate.h */,
				56F253081AE4FCE10011BA99 /* AppDelegate.m */,
				56F2530A1AE4FCE10011BA99 /* ViewController.h */,
				56F2530B1AE4FCE10011BA99 /* ViewController.m */,
				56F2530D1AE4FCE10011BA99 /* Main.storyboard */,
				56F253101AE4FCE10011BA99 /* Images.xcassets */,
				56F253121AE4FCE10011BA99 /* LaunchScreen.xib */,
				56F253031AE4FCE10011BA99 /* Supporting Files */,
			);
			path = proscorner;
			sourceTree = "<group>";
		};
		56F253031AE4FCE10011BA99 /* Supporting Files */ = {
			isa = PBXGroup;
			children = (
				56F253041AE4FCE10011BA99 /* Info.plist */,
				56F253051AE4FCE10011BA99 /* main.m */,
			);
			name = "Supporting Files";
			sourceTree = "<group>";
		};
		56F2531C1AE4FCE10011BA99 /* proscornerTests */ = {
			isa = PBXGroup;
			children = (
				56F2531F1AE4FCE10011BA99 /* proscornerTests.m */,
				56F2531D1AE4FCE10011BA99 /* Supporting Files */,
			);
			path = proscornerTests;
			sourceTree = "<group>";
		};
		56F2531D1AE4FCE10011BA99 /* Supporting Files */ = {
			isa = PBXGroup;
			children = (
				56F2531E1AE4FCE10011BA99 /* Info.plist */,
			);
			name = "Supporting Files";
			sourceTree = "<group>";
		};
/* End PBXGroup section */

/* Begin PBXNativeTarget section */
		56F252FF1AE4FCE10011BA99 /* proscorner */ = {
			isa = PBXNativeTarget;
			buildConfigurationList = 56F253231AE4FCE10011BA99 /* Build configuration list for PBXNativeTarget "proscorner" */;
			buildPhases = (
				56F252FC1AE4FCE10011BA99 /* Sources */,
				56F252FD1AE4FCE10011BA99 /* Frameworks */,
				56F252FE1AE4FCE10011BA99 /* Resources */,
			);
			buildRules = (
			);
			dependencies = (
			);
			name = proscorner;
			productName = proscorner;
			productReference = 56F253001AE4FCE10011BA99 /* proscorner.app */;
			productType = "com.apple.product-type.application";
		};
		56F253181AE4FCE10011BA99 /* proscornerTests */ = {
			isa = PBXNativeTarget;
			buildConfigurationList = 56F253261AE4FCE10011BA99 /* Build configuration list for PBXNativeTarget "proscornerTests" */;
			buildPhases = (
				56F253151AE4FCE10011BA99 /* Sources */,
				56F253161AE4FCE10011BA99 /* Frameworks */,
				56F253171AE4FCE10011BA99 /* Resources */,
			);
			buildRules = (
			);
			dependencies = (
				56F2531B1AE4FCE10011BA99 /* PBXTargetDependency */,
			);
			name = proscornerTests;
			productName = proscornerTests;
			productReference = 56F253191AE4FCE10011BA99 /* proscornerTests.xctest */;
			productType = "com.apple.product-type.bundle.unit-test";
		};
/* End PBXNativeTarget section */

/* Begin PBXProject section */
		56F252F81AE4FCE10011BA99 /* Project object */ = {
			isa = PBXProject;
			attributes = {
				LastUpgradeCheck = 0620;
				ORGANIZATIONNAME = Blisstering;
				TargetAttributes = {
					56F252FF1AE4FCE10011BA99 = {
						CreatedOnToolsVersion = 6.2;
					};
					56F253181AE4FCE10011BA99 = {
						CreatedOnToolsVersion = 6.2;
						TestTargetID = 56F252FF1AE4FCE10011BA99;
					};
				};
			};
			buildConfigurationList = 56F252FB1AE4FCE10011BA99 /* Build configuration list for PBXProject "proscorner" */;
			compatibilityVersion = "Xcode 3.2";
			developmentRegion = English;
			hasScannedForEncodings = 0;
			knownRegions = (
				en,
				Base,
			);
			mainGroup = 56F252F71AE4FCE10011BA99;
			productRefGroup = 56F253011AE4FCE10011BA99 /* Products */;
			projectDirPath = "";
			projectRoot = "";
			targets = (
				56F252FF1AE4FCE10011BA99 /* proscorner */,
				56F253181AE4FCE10011BA99 /* proscornerTests */,
			);
		};
/* End PBXProject section */

/* Begin PBXResourcesBuildPhase section */
		56F252FE1AE4FCE10011BA99 /* Resources */ = {
			isa = PBXResourcesBuildPhase;
			buildActionMask = 2147483647;
			files = (
				56F2530F1AE4FCE10011BA99 /* Main.storyboard in Resources */,
				56F253141AE4FCE10011BA99 /* LaunchScreen.xib in Resources */,
				56F253111AE4FCE10011BA99 /* Images.xcassets in Resources */,
			);
			runOnlyForDeploymentPostprocessing = 0;
		};
		56F253171AE4FCE10011BA99 /* Resources */ = {
			isa = PBXResourcesBuildPhase;
			buildActionMask = 2147483647;
			files = (
			);
			runOnlyForDeploymentPostprocessing = 0;
		};
/* End PBXResourcesBuildPhase section */

/* Begin PBXSourcesBuildPhase section */
		56F252FC1AE4FCE10011BA99 /* Sources */ = {
			isa = PBXSourcesBuildPhase;
			buildActionMask = 2147483647;
			files = (
				56F2530C1AE4FCE10011BA99 /* ViewController.m in Sources */,
				56F253091AE4FCE10011BA99 /* AppDelegate.m in Sources */,
				56F253061AE4FCE10011BA99 /* main.m in Sources */,
			);
			runOnlyForDeploymentPostprocessing = 0;
		};
		56F253151AE4FCE10011BA99 /* Sources */ = {
			isa = PBXSourcesBuildPhase;
			buildActionMask = 2147483647;
			files = (
				56F253201AE4FCE10011BA99 /* proscornerTests.m in Sources */,
			);
			runOnlyForDeploymentPostprocessing = 0;
		};
/* End PBXSourcesBuildPhase section */

/* Begin PBXTargetDependency section */
		56F2531B1AE4FCE10011BA99 /* PBXTargetDependency */ = {
			isa = PBXTargetDependency;
			target = 56F252FF1AE4FCE10011BA99 /* proscorner */;
			targetProxy = 56F2531A1AE4FCE10011BA99 /* PBXContainerItemProxy */;
		};
/* End PBXTargetDependency section */

/* Begin PBXVariantGroup section */
		56F2530D1AE4FCE10011BA99 /* Main.storyboard */ = {
			isa = PBXVariantGroup;
			children = (
				56F2530E1AE4FCE10011BA99 /* Base */,
			);
			name = Main.storyboard;
			sourceTree = "<group>";
		};
		56F253121AE4FCE10011BA99 /* LaunchScreen.xib */ = {
			isa = PBXVariantGroup;
			children = (
				56F253131AE4FCE10011BA99 /* Base */,
			);
			name = LaunchScreen.xib;
			sourceTree = "<group>";
		};
/* End PBXVariantGroup section */

/* Begin XCBuildConfiguration section */
		56F253211AE4FCE10011BA99 /* Debug */ = {
			isa = XCBuildConfiguration;
			buildSettings = {
				ALWAYS_SEARCH_USER_PATHS = NO;
				CLANG_CXX_LANGUAGE_STANDARD = "gnu++0x";
				CLANG_CXX_LIBRARY = "libc++";
				CLANG_ENABLE_MODULES = YES;
				CLANG_ENABLE_OBJC_ARC = YES;
				CLANG_WARN_BOOL_CONVERSION = YES;
				CLANG_WARN_CONSTANT_CONVERSION = YES;
				CLANG_WARN_DIRECT_OBJC_ISA_USAGE = YES_ERROR;
				CLANG_WARN_EMPTY_BODY = YES;
				CLANG_WARN_ENUM_CONVERSION = YES;
				CLANG_WARN_INT_CONVERSION = YES;
				CLANG_WARN_OBJC_ROOT_CLASS = YES_ERROR;
				CLANG_WARN_UNREACHABLE_CODE = YES;
				CLANG_WARN__DUPLICATE_METHOD_MATCH = YES;
				"CODE_SIGN_IDENTITY[sdk=iphoneos*]" = "iPhone Developer";
				COPY_PHASE_STRIP = NO;
				ENABLE_STRICT_OBJC_MSGSEND = YES;
				GCC_C_LANGUAGE_STANDARD = gnu99;
				GCC_DYNAMIC_NO_PIC = NO;
				GCC_OPTIMIZATION_LEVEL = 0;
				GCC_PREPROCESSOR_DEFINITIONS = (
					"DEBUG=1",
					"$(inherited)",
				);
				GCC_SYMBOLS_PRIVATE_EXTERN = NO;
				GCC_WARN_64_TO_32_BIT_CONVERSION = YES;
				GCC_WARN_ABOUT_RETURN_TYPE = YES_ERROR;
				GCC_WARN_UNDECLARED_SELECTOR = YES;
				GCC_WARN_UNINITIALIZED_AUTOS = YES_AGGRESSIVE;
				GCC_WARN_UNUSED_FUNCTION = YES;
				GCC_WARN_UNUSED_VARIABLE = YES;
				IPHONEOS_DEPLOYMENT_TARGET = 8.2;
				MTL_ENABLE_DEBUG_INFO = YES;
				ONLY_ACTIVE_ARCH = YES;
				SDKROOT = iphoneos;
			};
			name = Debug;
		};
		56F253221AE4FCE10011BA99 /* Release */ = {
			isa = XCBuildConfiguration;
			buildSettings = {
				ALWAYS_SEARCH_USER_PATHS = NO;
				CLANG_CXX_LANGUAGE_STANDARD = "gnu++0x";
				CLANG_CXX_LIBRARY = "libc++";
				CLANG_ENABLE_MODULES = YES;
				CLANG_ENABLE_OBJC_ARC = YES;
				CLANG_WARN_BOOL_CONVERSION = YES;
				CLANG_WARN_CONSTANT_CONVERSION = YES;
				CLANG_WARN_DIRECT_OBJC_ISA_USAGE = YES_ERROR;
				CLANG_WARN_EMPTY_BODY = YES;
				CLANG_WARN_ENUM_CONVERSION = YES;
				CLANG_WARN_INT_CONVERSION = YES;
				CLANG_WARN_OBJC_ROOT_CLASS = YES_ERROR;
				CLANG_WARN_UNREACHABLE_CODE = YES;
				CLANG_WARN__DUPLICATE_METHOD_MATCH = YES;
				"CODE_SIGN_IDENTITY[sdk=iphoneos*]" = "iPhone Developer";
				COPY_PHASE_STRIP = NO;
				ENABLE_NS_ASSERTIONS = NO;
				ENABLE_STRICT_OBJC_MSGSEND = YES;
				GCC_C_LANGUAGE_STANDARD = gnu99;
				GCC_WARN_64_TO_32_BIT_CONVERSION = YES;
				GCC_WARN_ABOUT_RETURN_TYPE = YES_ERROR;
				GCC_WARN_UNDECLARED_SELECTOR = YES;
				GCC_WARN_UNINITIALIZED_AUTOS = YES_AGGRESSIVE;
				GCC_WARN_UNUSED_FUNCTION = YES;
				GCC_WARN_UNUSED_VARIABLE = YES;
				IPHONEOS_DEPLOYMENT_TARGET = 8.2;
				MTL_ENABLE_DEBUG_INFO = NO;
				SDKROOT = iphoneos;
				VALIDATE_PRODUCT = YES;
			};
			name = Release;
		};
		56F253241AE4FCE10011BA99 /* Debug */ = {
			isa = XCBuildConfiguration;
			buildSettings = {
				ASSETCATALOG_COMPILER_APPICON_NAME = AppIcon;
				INFOPLIST_FILE = proscorner/Info.plist;
				LD_RUNPATH_SEARCH_PATHS = "$(inherited) @executable_path/Frameworks";
				PRODUCT_NAME = "$(TARGET_NAME)";
			};
			name = Debug;
		};
		56F253251AE4FCE10011BA99 /* Release */ = {
			isa = XCBuildConfiguration;
			buildSettings = {
				ASSETCATALOG_COMPILER_APPICON_NAME = AppIcon;
				INFOPLIST_FILE = proscorner/Info.plist;
				LD_RUNPATH_SEARCH_PATHS = "$(inherited) @executable_path/Frameworks";
				PRODUCT_NAME = "$(TARGET_NAME)";
			};
			name = Release;
		};
		56F253271AE4FCE10011BA99 /* Debug */ = {
			isa = XCBuildConfiguration;
			buildSettings = {
				BUNDLE_LOADER = "$(TEST_HOST)";
				FRAMEWORK_SEARCH_PATHS = (
					"$(SDKROOT)/Developer/Library/Frameworks",
					"$(inherited)",
				);
				GCC_PREPROCESSOR_DEFINITIONS = (
					"DEBUG=1",
					"$(inherited)",
				);
				INFOPLIST_FILE = proscornerTests/Info.plist;
				LD_RUNPATH_SEARCH_PATHS = "$(inherited) @executable_path/Frameworks @loader_path/Frameworks";
				PRODUCT_NAME = "$(TARGET_NAME)";
				TEST_HOST = "$(BUILT_PRODUCTS_DIR)/proscorner.app/proscorner";
			};
			name = Debug;
		};
		56F253281AE4FCE10011BA99 /* Release */ = {
			isa = XCBuildConfiguration;
			buildSettings = {
				BUNDLE_LOADER = "$(TEST_HOST)";
				FRAMEWORK_SEARCH_PATHS = (
					"$(SDKROOT)/Developer/Library/Frameworks",
					"$(inherited)",
				);
				INFOPLIST_FILE = proscornerTests/Info.plist;
				LD_RUNPATH_SEARCH_PATHS = "$(inherited) @executable_path/Frameworks @loader_path/Frameworks";
				PRODUCT_NAME = "$(TARGET_NAME)";
				TEST_HOST = "$(BUILT_PRODUCTS_DIR)/proscorner.app/proscorner";
			};
			name = Release;
		};
/* End XCBuildConfiguration section */

/* Begin XCConfigurationList section */
		56F252FB1AE4FCE10011BA99 /* Build configuration list for PBXProject "proscorner" */ = {
			isa = XCConfigurationList;
			buildConfigurations = (
				56F253211AE4FCE10011BA99 /* Debug */,
				56F253221AE4FCE10011BA99 /* Release */,
			);
			defaultConfigurationIsVisible = 0;
			defaultConfigurationName = Release;
		};
		56F253231AE4FCE10011BA99 /* Build configuration list for PBXNativeTarget "proscorner" */ = {
			isa = XCConfigurationList;
			buildConfigurations = (
				56F253241AE4FCE10011BA99 /* Debug */,
				56F253251AE4FCE10011BA99 /* Release */,
			);
			defaultConfigurationIsVisible = 0;
		};
		56F253261AE4FCE10011BA99 /* Build configuration list for PBXNativeTarget "proscornerTests" */ = {
			isa = XCConfigurationList;
			buildConfigurations = (
				56F253271AE4FCE10011BA99 /* Debug */,
				56F253281AE4FCE10011BA99 /* Release */,
			);
			defaultConfigurationIsVisible = 0;
		};
/* End XCConfigurationList section */
	};
	rootObject = 56F252F81AE4FCE10011BA99 /* Project object */;
}
